
Microsoft Visual Studio Solution File, Format Version 12.00
# Visual Studio Version 17
VisualStudioVersion = 17.6.33712.159
MinimumVisualStudioVersion = 10.0.40219.1
Project("{9A19103F-16F7-4668-BE54-9A1E7A4F7556}") = "Lesson01", "Lesson01\Lesson01.csproj", "{F98E3EC5-E077-4200-A9EE-07E880064548}"
EndProject
Project("{9A19103F-16F7-4668-BE54-9A1E7A4F7556}") = "Lesson02", "Lesson02\Lesson02.csproj", "{A178477B-3910-4934-89A3-6076B8BF4F72}"
EndProject
Project("{9A19103F-16F7-4668-BE54-9A1E7A4F7556}") = "HomeWork001", "HomeWork001\HomeWork001.csproj", "{7914CB65-8EF9-473B-8C38-9EE74F7DE725}"
EndProject
Project("{9A19103F-16F7-4668-BE54-9A1E7A4F7556}") = "HomeWork002", "HomeWork002\HomeWork002.csproj", "{0A8894AF-F9EC-48D3-88A2-D0EF4B7D616E}"
EndProject
Project("{9A19103F-16F7-4668-BE54-9A1E7A4F7556}") = "HomeWork003", "HomeWork003\HomeWork003.csproj", "{C0B96AE0-B1CB-4F83-9BF3-92B11EF1ACF4}"
EndProject
Project("{9A19103F-16F7-4668-BE54-9A1E7A4F7556}") = "HomeWork004", "HomeWork004\HomeWork004.csproj", "{BC0CF90E-EB13-4B99-A016-DF05FD072946}"
EndProject
Project("{FAE04EC0-301F-11D3-BF4B-00C04F79EFBC}") = "HomeWork005", "HomeWork005\HomeWork005.csproj", "{AAEF8CF9-06BA-4E6B-BAD5-032946AEA665}"
EndProject
Global
	GlobalSection(SolutionConfigurationPlatforms) = preSolution
		Debug|Any CPU = Debug|Any CPU
		Release|Any CPU = Release|Any CPU
	EndGlobalSection
	GlobalSection(ProjectConfigurationPlatforms) = postSolution
		{F98E3EC5-E077-4200-A9EE-07E880064548}.Debug|Any CPU.ActiveCfg = Debug|Any CPU
		{F98E3EC5-E077-4200-A9EE-07E880064548}.Debug|Any CPU.Build.0 = Debug|Any CPU
		{F98E3EC5-E077-4200-A9EE-07E880064548}.Release|Any CPU.ActiveCfg = Release|Any CPU
		{F98E3EC5-E077-4200-A9EE-07E880064548}.Release|Any CPU.Build.0 = Release|Any CPU
		{A178477B-3910-4934-89A3-6076B8BF4F72}.Debug|Any CPU.ActiveCfg = Debug|Any CPU
		{A178477B-3910-4934-89A3-6076B8BF4F72}.Debug|Any CPU.Build.0 = Debug|Any CPU
		{A178477B-3910-4934-89A3-6076B8BF4F72}.Release|Any CPU.ActiveCfg = Release|Any CPU
		{A178477B-3910-4934-89A3-6076B8BF4F72}.Release|Any CPU.Build.0 = Release|Any CPU
		{7914CB65-8EF9-473B-8C38-9EE74F7DE725}.Debug|Any CPU.ActiveCfg = Debug|Any CPU
		{7914CB65-8EF9-473B-8C38-9EE74F7DE725}.Debug|Any CPU.Build.0 = Debug|Any CPU
		{7914CB65-8EF9-473B-8C38-9EE74F7DE725}.Release|Any CPU.ActiveCfg = Release|Any CPU
		{7914CB65-8EF9-473B-8C38-9EE74F7DE725}.Release|Any CPU.Build.0 = Release|Any CPU
		{0A8894AF-F9EC-48D3-88A2-D0EF4B7D616E}.Debug|Any CPU.ActiveCfg = Debug|Any CPU
		{0A8894AF-F9EC-48D3-88A2-D0EF4B7D616E}.Debug|Any CPU.Build.0 = Debug|Any CPU
		{0A8894AF-F9EC-48D3-88A2-D0EF4B7D616E}.Release|Any CPU.ActiveCfg = Release|Any CPU
		{0A8894AF-F9EC-48D3-88A2-D0EF4B7D616E}.Release|Any CPU.Build.0 = Release|Any CPU
		{C0B96AE0-B1CB-4F83-9BF3-92B11EF1ACF4}.Debug|Any CPU.ActiveCfg = Debug|Any CPU
		{C0B96AE0-B1CB-4F83-9BF3-92B11EF1ACF4}.Debug|Any CPU.Build.0 = Debug|Any CPU
		{C0B96AE0-B1CB-4F83-9BF3-92B11EF1ACF4}.Release|Any CPU.ActiveCfg = Release|Any CPU
		{C0B96AE0-B1CB-4F83-9BF3-92B11EF1ACF4}.Release|Any CPU.Build.0 = Release|Any CPU
		{BC0CF90E-EB13-4B99-A016-DF05FD072946}.Debug|Any CPU.ActiveCfg = Debug|Any CPU
		{BC0CF90E-EB13-4B99-A016-DF05FD072946}.Debug|Any CPU.Build.0 = Debug|Any CPU
		{BC0CF90E-EB13-4B99-A016-DF05FD072946}.Release|Any CPU.ActiveCfg = Release|Any CPU
		{BC0CF90E-EB13-4B99-A016-DF05FD072946}.Release|Any CPU.Build.0 = Release|Any CPU
		{AAEF8CF9-06BA-4E6B-BAD5-032946AEA665}.Debug|Any CPU.ActiveCfg = Debug|Any CPU
		{AAEF8CF9-06BA-4E6B-BAD5-032946AEA665}.Debug|Any CPU.Build.0 = Debug|Any CPU
		{AAEF8CF9-06BA-4E6B-BAD5-032946AEA665}.Release|Any CPU.ActiveCfg = Release|Any CPU
		{AAEF8CF9-06BA-4E6B-BAD5-032946AEA665}.Release|Any CPU.Build.0 = Release|Any CPU
	EndGlobalSection
	GlobalSection(SolutionProperties) = preSolution
		HideSolutionNode = FALSE
	EndGlobalSection
	GlobalSection(ExtensibilityGlobals) = postSolution
		SolutionGuid = {A3943D76-F541-4251-87AE-D0CEFCBF15DB}
	EndGlobalSection
EndGlobal
